
Microsoft Visual Studio Solution File, Format Version 12.00
# Visual Studio Version 16
VisualStudioVersion = 16.0.28803.202
MinimumVisualStudioVersion = 10.0.40219.1
Project("{FAE04EC0-301F-11D3-BF4B-00C04F79EFBC}") = "GraphQL-AzureFunctions-HotChocolate", "GraphQL-AzureFunctions-HotChocolate\GraphQL-AzureFunctions-HotChocolate.csproj", "{2C99C332-EFDC-4A14-975E-948F56EBFBDF}"
EndProject
Global
	GlobalSection(SolutionConfigurationPlatforms) = preSolution
		Debug|Any CPU = Debug|Any CPU
		Release|Any CPU = Release|Any CPU
	EndGlobalSection
	GlobalSection(ProjectConfigurationPlatforms) = postSolution
		{2C99C332-EFDC-4A14-975E-948F56EBFBDF}.Debug|Any CPU.ActiveCfg = Debug|Any CPU
		{2C99C332-EFDC-4A14-975E-948F56EBFBDF}.Debug|Any CPU.Build.0 = Debug|Any CPU
		{2C99C332-EFDC-4A14-975E-948F56EBFBDF}.Release|Any CPU.ActiveCfg = Release|Any CPU
		{2C99C332-EFDC-4A14-975E-948F56EBFBDF}.Release|Any CPU.Build.0 = Release|Any CPU
	EndGlobalSection
	GlobalSection(SolutionProperties) = preSolution
		HideSolutionNode = FALSE
	EndGlobalSection
	GlobalSection(ExtensibilityGlobals) = postSolution
		SolutionGuid = {4B9C23F1-4D04-499D-B6B5-75A53EA886AA}
	EndGlobalSection
EndGlobal
